
Microsoft Visual Studio Solution File, Format Version 12.00
# Visual Studio Version 17
VisualStudioVersion = 17.5.33627.172
MinimumVisualStudioVersion = 10.0.40219.1
Project("{9A19103F-16F7-4668-BE54-9A1E7A4F7556}") = "PlagiarismApi", "PlagiarismApi\PlagiarismApi.csproj", "{C19DAB43-AF3B-44F4-A17D-59B5DF5B4887}"
EndProject
Project("{9A19103F-16F7-4668-BE54-9A1E7A4F7556}") = "Plagiarism BLL", "Plagiarism BLL\Plagiarism BLL.csproj", "{820DB3AE-F1F0-4277-916B-9A853E468BB1}"
EndProject
Project("{9A19103F-16F7-4668-BE54-9A1E7A4F7556}") = "DAL", "DAL\DAL.csproj", "{246852C5-82D7-49AB-8A31-496A4FBB3D50}"
EndProject
Project("{FAE04EC0-301F-11D3-BF4B-00C04F79EFBC}") = "PlagiarismTest", "PlagiarismTest\PlagiarismTest.csproj", "{AB741662-3FB0-4746-BC86-244C8BE68A93}"
EndProject
Global
	GlobalSection(SolutionConfigurationPlatforms) = preSolution
		Debug|Any CPU = Debug|Any CPU
		Release|Any CPU = Release|Any CPU
	EndGlobalSection
	GlobalSection(ProjectConfigurationPlatforms) = postSolution
		{C19DAB43-AF3B-44F4-A17D-59B5DF5B4887}.Debug|Any CPU.ActiveCfg = Debug|Any CPU
		{C19DAB43-AF3B-44F4-A17D-59B5DF5B4887}.Debug|Any CPU.Build.0 = Debug|Any CPU
		{C19DAB43-AF3B-44F4-A17D-59B5DF5B4887}.Release|Any CPU.ActiveCfg = Release|Any CPU
		{C19DAB43-AF3B-44F4-A17D-59B5DF5B4887}.Release|Any CPU.Build.0 = Release|Any CPU
		{820DB3AE-F1F0-4277-916B-9A853E468BB1}.Debug|Any CPU.ActiveCfg = Debug|Any CPU
		{820DB3AE-F1F0-4277-916B-9A853E468BB1}.Debug|Any CPU.Build.0 = Debug|Any CPU
		{820DB3AE-F1F0-4277-916B-9A853E468BB1}.Release|Any CPU.ActiveCfg = Release|Any CPU
		{820DB3AE-F1F0-4277-916B-9A853E468BB1}.Release|Any CPU.Build.0 = Release|Any CPU
		{246852C5-82D7-49AB-8A31-496A4FBB3D50}.Debug|Any CPU.ActiveCfg = Debug|Any CPU
		{246852C5-82D7-49AB-8A31-496A4FBB3D50}.Debug|Any CPU.Build.0 = Debug|Any CPU
		{246852C5-82D7-49AB-8A31-496A4FBB3D50}.Release|Any CPU.ActiveCfg = Release|Any CPU
		{246852C5-82D7-49AB-8A31-496A4FBB3D50}.Release|Any CPU.Build.0 = Release|Any CPU
		{AB741662-3FB0-4746-BC86-244C8BE68A93}.Debug|Any CPU.ActiveCfg = Debug|Any CPU
		{AB741662-3FB0-4746-BC86-244C8BE68A93}.Debug|Any CPU.Build.0 = Debug|Any CPU
		{AB741662-3FB0-4746-BC86-244C8BE68A93}.Release|Any CPU.ActiveCfg = Release|Any CPU
		{AB741662-3FB0-4746-BC86-244C8BE68A93}.Release|Any CPU.Build.0 = Release|Any CPU
	EndGlobalSection
	GlobalSection(SolutionProperties) = preSolution
		HideSolutionNode = FALSE
	EndGlobalSection
	GlobalSection(ExtensibilityGlobals) = postSolution
		SolutionGuid = {7EF2D250-AC29-4FEE-90F1-C27FF5903B12}
	EndGlobalSection
EndGlobal
